
Microsoft Visual Studio Solution File, Format Version 12.00
# Visual Studio 15
VisualStudioVersion = 15.0.28307.168
MinimumVisualStudioVersion = 10.0.40219.1
Project("{FAE04EC0-301F-11D3-BF4B-00C04F79EFBC}") = "Phoneword.Android", "Phoneword\Phoneword.Android\Phoneword.Android.csproj", "{BA05B66D-42F7-4DBF-9EB9-4F00F553F613}"
EndProject
Project("{FAE04EC0-301F-11D3-BF4B-00C04F79EFBC}") = "Phoneword.iOS", "Phoneword\Phoneword.iOS\Phoneword.iOS.csproj", "{6D4B2093-504B-4E73-B6EC-FAA04CDD1DC4}"
EndProject
Project("{FAE04EC0-301F-11D3-BF4B-00C04F79EFBC}") = "Phoneword", "Phoneword\Phoneword\Phoneword.csproj", "{A775BD44-4A45-4ACE-BCEA-8DD0F22DACAC}"
EndProject
Global
	GlobalSection(SolutionConfigurationPlatforms) = preSolution
		Ad-Hoc|Any CPU = Ad-Hoc|Any CPU
		Ad-Hoc|iPhone = Ad-Hoc|iPhone
		Ad-Hoc|iPhoneSimulator = Ad-Hoc|iPhoneSimulator
		AppStore|Any CPU = AppStore|Any CPU
		AppStore|iPhone = AppStore|iPhone
		AppStore|iPhoneSimulator = AppStore|iPhoneSimulator
		Debug|Any CPU = Debug|Any CPU
		Debug|iPhone = Debug|iPhone
		Debug|iPhoneSimulator = Debug|iPhoneSimulator
		Release|Any CPU = Release|Any CPU
		Release|iPhone = Release|iPhone
		Release|iPhoneSimulator = Release|iPhoneSimulator
	EndGlobalSection
	GlobalSection(ProjectConfigurationPlatforms) = postSolution
		{BA05B66D-42F7-4DBF-9EB9-4F00F553F613}.Ad-Hoc|Any CPU.ActiveCfg = Release|Any CPU
		{BA05B66D-42F7-4DBF-9EB9-4F00F553F613}.Ad-Hoc|Any CPU.Build.0 = Release|Any CPU
		{BA05B66D-42F7-4DBF-9EB9-4F00F553F613}.Ad-Hoc|Any CPU.Deploy.0 = Release|Any CPU
		{BA05B66D-42F7-4DBF-9EB9-4F00F553F613}.Ad-Hoc|iPhone.ActiveCfg = Release|Any CPU
		{BA05B66D-42F7-4DBF-9EB9-4F00F553F613}.Ad-Hoc|iPhone.Build.0 = Release|Any CPU
		{BA05B66D-42F7-4DBF-9EB9-4F00F553F613}.Ad-Hoc|iPhone.Deploy.0 = Release|Any CPU
		{BA05B66D-42F7-4DBF-9EB9-4F00F553F613}.Ad-Hoc|iPhoneSimulator.ActiveCfg = Release|Any CPU
		{BA05B66D-42F7-4DBF-9EB9-4F00F553F613}.Ad-Hoc|iPhoneSimulator.Build.0 = Release|Any CPU
		{BA05B66D-42F7-4DBF-9EB9-4F00F553F613}.Ad-Hoc|iPhoneSimulator.Deploy.0 = Release|Any CPU
		{BA05B66D-42F7-4DBF-9EB9-4F00F553F613}.AppStore|Any CPU.ActiveCfg = Release|Any CPU
		{BA05B66D-42F7-4DBF-9EB9-4F00F553F613}.AppStore|Any CPU.Build.0 = Release|Any CPU
		{BA05B66D-42F7-4DBF-9EB9-4F00F553F613}.AppStore|Any CPU.Deploy.0 = Release|Any CPU
		{BA05B66D-42F7-4DBF-9EB9-4F00F553F613}.AppStore|iPhone.ActiveCfg = Release|Any CPU
		{BA05B66D-42F7-4DBF-9EB9-4F00F553F613}.AppStore|iPhone.Build.0 = Release|Any CPU
		{BA05B66D-42F7-4DBF-9EB9-4F00F553F613}.AppStore|iPhone.Deploy.0 = Release|Any CPU
		{BA05B66D-42F7-4DBF-9EB9-4F00F553F613}.AppStore|iPhoneSimulator.ActiveCfg = Release|Any CPU
		{BA05B66D-42F7-4DBF-9EB9-4F00F553F613}.AppStore|iPhoneSimulator.Build.0 = Release|Any CPU
		{BA05B66D-42F7-4DBF-9EB9-4F00F553F613}.AppStore|iPhoneSimulator.Deploy.0 = Release|Any CPU
		{BA05B66D-42F7-4DBF-9EB9-4F00F553F613}.Debug|Any CPU.ActiveCfg = Debug|Any CPU
		{BA05B66D-42F7-4DBF-9EB9-4F00F553F613}.Debug|Any CPU.Build.0 = Debug|Any CPU
		{BA05B66D-42F7-4DBF-9EB9-4F00F553F613}.Debug|Any CPU.Deploy.0 = Debug|Any CPU
		{BA05B66D-42F7-4DBF-9EB9-4F00F553F613}.Debug|iPhone.ActiveCfg = Debug|Any CPU
		{BA05B66D-42F7-4DBF-9EB9-4F00F553F613}.Debug|iPhone.Build.0 = Debug|Any CPU
		{BA05B66D-42F7-4DBF-9EB9-4F00F553F613}.Debug|iPhone.Deploy.0 = Debug|Any CPU
		{BA05B66D-42F7-4DBF-9EB9-4F00F553F613}.Debug|iPhoneSimulator.ActiveCfg = Debug|Any CPU
		{BA05B66D-42F7-4DBF-9EB9-4F00F553F613}.Debug|iPhoneSimulator.Build.0 = Debug|Any CPU
		{BA05B66D-42F7-4DBF-9EB9-4F00F553F613}.Debug|iPhoneSimulator.Deploy.0 = Debug|Any CPU
		{BA05B66D-42F7-4DBF-9EB9-4F00F553F613}.Release|Any CPU.ActiveCfg = Release|Any CPU
		{BA05B66D-42F7-4DBF-9EB9-4F00F553F613}.Release|Any CPU.Build.0 = Release|Any CPU
		{BA05B66D-42F7-4DBF-9EB9-4F00F553F613}.Release|Any CPU.Deploy.0 = Release|Any CPU
		{BA05B66D-42F7-4DBF-9EB9-4F00F553F613}.Release|iPhone.ActiveCfg = Release|Any CPU
		{BA05B66D-42F7-4DBF-9EB9-4F00F553F613}.Release|iPhone.Build.0 = Release|Any CPU
		{BA05B66D-42F7-4DBF-9EB9-4F00F553F613}.Release|iPhone.Deploy.0 = Release|Any CPU
		{BA05B66D-42F7-4DBF-9EB9-4F00F553F613}.Release|iPhoneSimulator.ActiveCfg = Release|Any CPU
		{BA05B66D-42F7-4DBF-9EB9-4F00F553F613}.Release|iPhoneSimulator.Build.0 = Release|Any CPU
		{BA05B66D-42F7-4DBF-9EB9-4F00F553F613}.Release|iPhoneSimulator.Deploy.0 = Release|Any CPU
		{6D4B2093-504B-4E73-B6EC-FAA04CDD1DC4}.Ad-Hoc|Any CPU.ActiveCfg = Ad-Hoc|iPhone
		{6D4B2093-504B-4E73-B6EC-FAA04CDD1DC4}.Ad-Hoc|Any CPU.Build.0 = Ad-Hoc|iPhone
		{6D4B2093-504B-4E73-B6EC-FAA04CDD1DC4}.Ad-Hoc|Any CPU.Deploy.0 = Ad-Hoc|iPhone
		{6D4B2093-504B-4E73-B6EC-FAA04CDD1DC4}.Ad-Hoc|iPhone.ActiveCfg = Ad-Hoc|iPhone
		{6D4B2093-504B-4E73-B6EC-FAA04CDD1DC4}.Ad-Hoc|iPhone.Build.0 = Ad-Hoc|iPhone
		{6D4B2093-504B-4E73-B6EC-FAA04CDD1DC4}.Ad-Hoc|iPhone.Deploy.0 = Ad-Hoc|iPhone
		{6D4B2093-504B-4E73-B6EC-FAA04CDD1DC4}.Ad-Hoc|iPhoneSimulator.ActiveCfg = Ad-Hoc|iPhoneSimulator
		{6D4B2093-504B-4E73-B6EC-FAA04CDD1DC4}.Ad-Hoc|iPhoneSimulator.Build.0 = Ad-Hoc|iPhoneSimulator
		{6D4B2093-504B-4E73-B6EC-FAA04CDD1DC4}.Ad-Hoc|iPhoneSimulator.Deploy.0 = Ad-Hoc|iPhoneSimulator
		{6D4B2093-504B-4E73-B6EC-FAA04CDD1DC4}.AppStore|Any CPU.ActiveCfg = AppStore|iPhone
		{6D4B2093-504B-4E73-B6EC-FAA04CDD1DC4}.AppStore|Any CPU.Build.0 = AppStore|iPhone
		{6D4B2093-504B-4E73-B6EC-FAA04CDD1DC4}.AppStore|Any CPU.Deploy.0 = AppStore|iPhone
		{6D4B2093-504B-4E73-B6EC-FAA04CDD1DC4}.AppStore|iPhone.ActiveCfg = AppStore|iPhone
		{6D4B2093-504B-4E73-B6EC-FAA04CDD1DC4}.AppStore|iPhone.Build.0 = AppStore|iPhone
		{6D4B2093-504B-4E73-B6EC-FAA04CDD1DC4}.AppStore|iPhone.Deploy.0 = AppStore|iPhone
		{6D4B2093-504B-4E73-B6EC-FAA04CDD1DC4}.AppStore|iPhoneSimulator.ActiveCfg = AppStore|iPhoneSimulator
		{6D4B2093-504B-4E73-B6EC-FAA04CDD1DC4}.AppStore|iPhoneSimulator.Build.0 = AppStore|iPhoneSimulator
		{6D4B2093-504B-4E73-B6EC-FAA04CDD1DC4}.AppStore|iPhoneSimulator.Deploy.0 = AppStore|iPhoneSimulator
		{6D4B2093-504B-4E73-B6EC-FAA04CDD1DC4}.Debug|Any CPU.ActiveCfg = Debug|iPhoneSimulator
		{6D4B2093-504B-4E73-B6EC-FAA04CDD1DC4}.Debug|Any CPU.Build.0 = Debug|iPhoneSimulator
		{6D4B2093-504B-4E73-B6EC-FAA04CDD1DC4}.Debug|Any CPU.Deploy.0 = Debug|iPhoneSimulator
		{6D4B2093-504B-4E73-B6EC-FAA04CDD1DC4}.Debug|iPhone.ActiveCfg = Debug|iPhone
		{6D4B2093-504B-4E73-B6EC-FAA04CDD1DC4}.Debug|iPhone.Build.0 = Debug|iPhone
		{6D4B2093-504B-4E73-B6EC-FAA04CDD1DC4}.Debug|iPhone.Deploy.0 = Debug|iPhone
		{6D4B2093-504B-4E73-B6EC-FAA04CDD1DC4}.Debug|iPhoneSimulator.ActiveCfg = Debug|iPhoneSimulator
		{6D4B2093-504B-4E73-B6EC-FAA04CDD1DC4}.Debug|iPhoneSimulator.Build.0 = Debug|iPhoneSimulator
		{6D4B2093-504B-4E73-B6EC-FAA04CDD1DC4}.Debug|iPhoneSimulator.Deploy.0 = Debug|iPhoneSimulator
		{6D4B2093-504B-4E73-B6EC-FAA04CDD1DC4}.Release|Any CPU.ActiveCfg = Release|iPhone
		{6D4B2093-504B-4E73-B6EC-FAA04CDD1DC4}.Release|Any CPU.Build.0 = Release|iPhone
		{6D4B2093-504B-4E73-B6EC-FAA04CDD1DC4}.Release|Any CPU.Deploy.0 = Release|iPhone
		{6D4B2093-504B-4E73-B6EC-FAA04CDD1DC4}.Release|iPhone.ActiveCfg = Release|iPhone
		{6D4B2093-504B-4E73-B6EC-FAA04CDD1DC4}.Release|iPhone.Build.0 = Release|iPhone
		{6D4B2093-504B-4E73-B6EC-FAA04CDD1DC4}.Release|iPhone.Deploy.0 = Release|iPhone
		{6D4B2093-504B-4E73-B6EC-FAA04CDD1DC4}.Release|iPhoneSimulator.ActiveCfg = Release|iPhoneSimulator
		{6D4B2093-504B-4E73-B6EC-FAA04CDD1DC4}.Release|iPhoneSimulator.Build.0 = Release|iPhoneSimulator
		{6D4B2093-504B-4E73-B6EC-FAA04CDD1DC4}.Release|iPhoneSimulator.Deploy.0 = Release|iPhoneSimulator
		{A775BD44-4A45-4ACE-BCEA-8DD0F22DACAC}.Ad-Hoc|Any CPU.ActiveCfg = Debug|Any CPU
		{A775BD44-4A45-4ACE-BCEA-8DD0F22DACAC}.Ad-Hoc|Any CPU.Build.0 = Debug|Any CPU
		{A775BD44-4A45-4ACE-BCEA-8DD0F22DACAC}.Ad-Hoc|Any CPU.Deploy.0 = Debug|Any CPU
		{A775BD44-4A45-4ACE-BCEA-8DD0F22DACAC}.Ad-Hoc|iPhone.ActiveCfg = Debug|Any CPU
		{A775BD44-4A45-4ACE-BCEA-8DD0F22DACAC}.Ad-Hoc|iPhone.Build.0 = Debug|Any CPU
		{A775BD44-4A45-4ACE-BCEA-8DD0F22DACAC}.Ad-Hoc|iPhone.Deploy.0 = Debug|Any CPU
		{A775BD44-4A45-4ACE-BCEA-8DD0F22DACAC}.Ad-Hoc|iPhoneSimulator.ActiveCfg = Debug|Any CPU
		{A775BD44-4A45-4ACE-BCEA-8DD0F22DACAC}.Ad-Hoc|iPhoneSimulator.Build.0 = Debug|Any CPU
		{A775BD44-4A45-4ACE-BCEA-8DD0F22DACAC}.Ad-Hoc|iPhoneSimulator.Deploy.0 = Debug|Any CPU
		{A775BD44-4A45-4ACE-BCEA-8DD0F22DACAC}.AppStore|Any CPU.ActiveCfg = Debug|Any CPU
		{A775BD44-4A45-4ACE-BCEA-8DD0F22DACAC}.AppStore|Any CPU.Build.0 = Debug|Any CPU
		{A775BD44-4A45-4ACE-BCEA-8DD0F22DACAC}.AppStore|Any CPU.Deploy.0 = Debug|Any CPU
		{A775BD44-4A45-4ACE-BCEA-8DD0F22DACAC}.AppStore|iPhone.ActiveCfg = Debug|Any CPU
		{A775BD44-4A45-4ACE-BCEA-8DD0F22DACAC}.AppStore|iPhone.Build.0 = Debug|Any CPU
		{A775BD44-4A45-4ACE-BCEA-8DD0F22DACAC}.AppStore|iPhone.Deploy.0 = Debug|Any CPU
		{A775BD44-4A45-4ACE-BCEA-8DD0F22DACAC}.AppStore|iPhoneSimulator.ActiveCfg = Debug|Any CPU
		{A775BD44-4A45-4ACE-BCEA-8DD0F22DACAC}.AppStore|iPhoneSimulator.Build.0 = Debug|Any CPU
		{A775BD44-4A45-4ACE-BCEA-8DD0F22DACAC}.AppStore|iPhoneSimulator.Deploy.0 = Debug|Any CPU
		{A775BD44-4A45-4ACE-BCEA-8DD0F22DACAC}.Debug|Any CPU.ActiveCfg = Debug|Any CPU
		{A775BD44-4A45-4ACE-BCEA-8DD0F22DACAC}.Debug|Any CPU.Build.0 = Debug|Any CPU
		{A775BD44-4A45-4ACE-BCEA-8DD0F22DACAC}.Debug|Any CPU.Deploy.0 = Debug|Any CPU
		{A775BD44-4A45-4ACE-BCEA-8DD0F22DACAC}.Debug|iPhone.ActiveCfg = Debug|Any CPU
		{A775BD44-4A45-4ACE-BCEA-8DD0F22DACAC}.Debug|iPhone.Build.0 = Debug|Any CPU
		{A775BD44-4A45-4ACE-BCEA-8DD0F22DACAC}.Debug|iPhone.Deploy.0 = Debug|Any CPU
		{A775BD44-4A45-4ACE-BCEA-8DD0F22DACAC}.Debug|iPhoneSimulator.ActiveCfg = Debug|Any CPU
		{A775BD44-4A45-4ACE-BCEA-8DD0F22DACAC}.Debug|iPhoneSimulator.Build.0 = Debug|Any CPU
		{A775BD44-4A45-4ACE-BCEA-8DD0F22DACAC}.Debug|iPhoneSimulator.Deploy.0 = Debug|Any CPU
		{A775BD44-4A45-4ACE-BCEA-8DD0F22DACAC}.Release|Any CPU.ActiveCfg = Release|Any CPU
		{A775BD44-4A45-4ACE-BCEA-8DD0F22DACAC}.Release|Any CPU.Build.0 = Release|Any CPU
		{A775BD44-4A45-4ACE-BCEA-8DD0F22DACAC}.Release|Any CPU.Deploy.0 = Release|Any CPU
		{A775BD44-4A45-4ACE-BCEA-8DD0F22DACAC}.Release|iPhone.ActiveCfg = Release|Any CPU
		{A775BD44-4A45-4ACE-BCEA-8DD0F22DACAC}.Release|iPhone.Build.0 = Release|Any CPU
		{A775BD44-4A45-4ACE-BCEA-8DD0F22DACAC}.Release|iPhone.Deploy.0 = Release|Any CPU
		{A775BD44-4A45-4ACE-BCEA-8DD0F22DACAC}.Release|iPhoneSimulator.ActiveCfg = Release|Any CPU
		{A775BD44-4A45-4ACE-BCEA-8DD0F22DACAC}.Release|iPhoneSimulator.Build.0 = Release|Any CPU
		{A775BD44-4A45-4ACE-BCEA-8DD0F22DACAC}.Release|iPhoneSimulator.Deploy.0 = Release|Any CPU
	EndGlobalSection
	GlobalSection(SolutionProperties) = preSolution
		HideSolutionNode = FALSE
	EndGlobalSection
	GlobalSection(ExtensibilityGlobals) = postSolution
		SolutionGuid = {6AA494FE-5C98-4143-B03F-D0F99E9A5E76}
	EndGlobalSection
EndGlobal
